
Microsoft Visual Studio Solution File, Format Version 12.00
# Visual Studio 15
VisualStudioVersion = 15.0.26124.0
MinimumVisualStudioVersion = 15.0.26124.0
Project("{FAE04EC0-301F-11D3-BF4B-00C04F79EFBC}") = "Cli", "Cli\Cli.csproj", "{9B8D52A5-4307-4154-ADA4-C30B66A2A878}"
EndProject
Project("{FAE04EC0-301F-11D3-BF4B-00C04F79EFBC}") = "Cli.Test", "Cli.Test\Cli.Test.csproj", "{4A2394BE-DC9A-473E-B4C6-064B1071C8EE}"
EndProject
Project("{FAE04EC0-301F-11D3-BF4B-00C04F79EFBC}") = "Web", "Web\Web.csproj", "{788B282C-DF1B-4D8B-9192-2AC9B6545967}"
EndProject
Project("{FAE04EC0-301F-11D3-BF4B-00C04F79EFBC}") = "Web.Test", "Web.Test\Web.Test.csproj", "{332652DC-5D75-4690-ACF8-E91453E1A313}"
EndProject
Global
	GlobalSection(SolutionConfigurationPlatforms) = preSolution
		Debug|Any CPU = Debug|Any CPU
		Debug|x64 = Debug|x64
		Debug|x86 = Debug|x86
		Release|Any CPU = Release|Any CPU
		Release|x64 = Release|x64
		Release|x86 = Release|x86
	EndGlobalSection
	GlobalSection(SolutionProperties) = preSolution
		HideSolutionNode = FALSE
	EndGlobalSection
	GlobalSection(ProjectConfigurationPlatforms) = postSolution
		{9B8D52A5-4307-4154-ADA4-C30B66A2A878}.Debug|Any CPU.ActiveCfg = Debug|Any CPU
		{9B8D52A5-4307-4154-ADA4-C30B66A2A878}.Debug|Any CPU.Build.0 = Debug|Any CPU
		{9B8D52A5-4307-4154-ADA4-C30B66A2A878}.Debug|x64.ActiveCfg = Debug|Any CPU
		{9B8D52A5-4307-4154-ADA4-C30B66A2A878}.Debug|x64.Build.0 = Debug|Any CPU
		{9B8D52A5-4307-4154-ADA4-C30B66A2A878}.Debug|x86.ActiveCfg = Debug|Any CPU
		{9B8D52A5-4307-4154-ADA4-C30B66A2A878}.Debug|x86.Build.0 = Debug|Any CPU
		{9B8D52A5-4307-4154-ADA4-C30B66A2A878}.Release|Any CPU.ActiveCfg = Release|Any CPU
		{9B8D52A5-4307-4154-ADA4-C30B66A2A878}.Release|Any CPU.Build.0 = Release|Any CPU
		{9B8D52A5-4307-4154-ADA4-C30B66A2A878}.Release|x64.ActiveCfg = Release|Any CPU
		{9B8D52A5-4307-4154-ADA4-C30B66A2A878}.Release|x64.Build.0 = Release|Any CPU
		{9B8D52A5-4307-4154-ADA4-C30B66A2A878}.Release|x86.ActiveCfg = Release|Any CPU
		{9B8D52A5-4307-4154-ADA4-C30B66A2A878}.Release|x86.Build.0 = Release|Any CPU
		{4A2394BE-DC9A-473E-B4C6-064B1071C8EE}.Debug|Any CPU.ActiveCfg = Debug|Any CPU
		{4A2394BE-DC9A-473E-B4C6-064B1071C8EE}.Debug|Any CPU.Build.0 = Debug|Any CPU
		{4A2394BE-DC9A-473E-B4C6-064B1071C8EE}.Debug|x64.ActiveCfg = Debug|Any CPU
		{4A2394BE-DC9A-473E-B4C6-064B1071C8EE}.Debug|x64.Build.0 = Debug|Any CPU
		{4A2394BE-DC9A-473E-B4C6-064B1071C8EE}.Debug|x86.ActiveCfg = Debug|Any CPU
		{4A2394BE-DC9A-473E-B4C6-064B1071C8EE}.Debug|x86.Build.0 = Debug|Any CPU
		{4A2394BE-DC9A-473E-B4C6-064B1071C8EE}.Release|Any CPU.ActiveCfg = Release|Any CPU
		{4A2394BE-DC9A-473E-B4C6-064B1071C8EE}.Release|Any CPU.Build.0 = Release|Any CPU
		{4A2394BE-DC9A-473E-B4C6-064B1071C8EE}.Release|x64.ActiveCfg = Release|Any CPU
		{4A2394BE-DC9A-473E-B4C6-064B1071C8EE}.Release|x64.Build.0 = Release|Any CPU
		{4A2394BE-DC9A-473E-B4C6-064B1071C8EE}.Release|x86.ActiveCfg = Release|Any CPU
		{4A2394BE-DC9A-473E-B4C6-064B1071C8EE}.Release|x86.Build.0 = Release|Any CPU
		{788B282C-DF1B-4D8B-9192-2AC9B6545967}.Debug|Any CPU.ActiveCfg = Debug|Any CPU
		{788B282C-DF1B-4D8B-9192-2AC9B6545967}.Debug|Any CPU.Build.0 = Debug|Any CPU
		{788B282C-DF1B-4D8B-9192-2AC9B6545967}.Debug|x64.ActiveCfg = Debug|Any CPU
		{788B282C-DF1B-4D8B-9192-2AC9B6545967}.Debug|x64.Build.0 = Debug|Any CPU
		{788B282C-DF1B-4D8B-9192-2AC9B6545967}.Debug|x86.ActiveCfg = Debug|Any CPU
		{788B282C-DF1B-4D8B-9192-2AC9B6545967}.Debug|x86.Build.0 = Debug|Any CPU
		{788B282C-DF1B-4D8B-9192-2AC9B6545967}.Release|Any CPU.ActiveCfg = Release|Any CPU
		{788B282C-DF1B-4D8B-9192-2AC9B6545967}.Release|Any CPU.Build.0 = Release|Any CPU
		{788B282C-DF1B-4D8B-9192-2AC9B6545967}.Release|x64.ActiveCfg = Release|Any CPU
		{788B282C-DF1B-4D8B-9192-2AC9B6545967}.Release|x64.Build.0 = Release|Any CPU
		{788B282C-DF1B-4D8B-9192-2AC9B6545967}.Release|x86.ActiveCfg = Release|Any CPU
		{788B282C-DF1B-4D8B-9192-2AC9B6545967}.Release|x86.Build.0 = Release|Any CPU
		{332652DC-5D75-4690-ACF8-E91453E1A313}.Debug|Any CPU.ActiveCfg = Debug|Any CPU
		{332652DC-5D75-4690-ACF8-E91453E1A313}.Debug|Any CPU.Build.0 = Debug|Any CPU
		{332652DC-5D75-4690-ACF8-E91453E1A313}.Debug|x64.ActiveCfg = Debug|Any CPU
		{332652DC-5D75-4690-ACF8-E91453E1A313}.Debug|x64.Build.0 = Debug|Any CPU
		{332652DC-5D75-4690-ACF8-E91453E1A313}.Debug|x86.ActiveCfg = Debug|Any CPU
		{332652DC-5D75-4690-ACF8-E91453E1A313}.Debug|x86.Build.0 = Debug|Any CPU
		{332652DC-5D75-4690-ACF8-E91453E1A313}.Release|Any CPU.ActiveCfg = Release|Any CPU
		{332652DC-5D75-4690-ACF8-E91453E1A313}.Release|Any CPU.Build.0 = Release|Any CPU
		{332652DC-5D75-4690-ACF8-E91453E1A313}.Release|x64.ActiveCfg = Release|Any CPU
		{332652DC-5D75-4690-ACF8-E91453E1A313}.Release|x64.Build.0 = Release|Any CPU
		{332652DC-5D75-4690-ACF8-E91453E1A313}.Release|x86.ActiveCfg = Release|Any CPU
		{332652DC-5D75-4690-ACF8-E91453E1A313}.Release|x86.Build.0 = Release|Any CPU
	EndGlobalSection
EndGlobal
